
Microsoft Visual Studio Solution File, Format Version 12.00
# Visual Studio 14
VisualStudioVersion = 14.0.25420.1
MinimumVisualStudioVersion = 10.0.40219.1
Project("{FAE04EC0-301F-11D3-BF4B-00C04F79EFBC}") = "Classroom.Api", "Classroom.Api\Classroom.Api.csproj", "{66E76FF6-C680-46CE-83DA-336CAFAC2351}"
EndProject
Project("{FAE04EC0-301F-11D3-BF4B-00C04F79EFBC}") = "Classroom.Api.Tests", "Classroom.Api.Tests\Classroom.Api.Tests.csproj", "{9A4F8FA7-78ED-4A6B-B321-C2BB97922201}"
EndProject
Global
	GlobalSection(SolutionConfigurationPlatforms) = preSolution
		Debug|Any CPU = Debug|Any CPU
		Release|Any CPU = Release|Any CPU
	EndGlobalSection
	GlobalSection(ProjectConfigurationPlatforms) = postSolution
		{66E76FF6-C680-46CE-83DA-336CAFAC2351}.Debug|Any CPU.ActiveCfg = Debug|Any CPU
		{66E76FF6-C680-46CE-83DA-336CAFAC2351}.Debug|Any CPU.Build.0 = Debug|Any CPU
		{66E76FF6-C680-46CE-83DA-336CAFAC2351}.Release|Any CPU.ActiveCfg = Release|Any CPU
		{66E76FF6-C680-46CE-83DA-336CAFAC2351}.Release|Any CPU.Build.0 = Release|Any CPU
		{9A4F8FA7-78ED-4A6B-B321-C2BB97922201}.Debug|Any CPU.ActiveCfg = Debug|Any CPU
		{9A4F8FA7-78ED-4A6B-B321-C2BB97922201}.Debug|Any CPU.Build.0 = Debug|Any CPU
		{9A4F8FA7-78ED-4A6B-B321-C2BB97922201}.Release|Any CPU.ActiveCfg = Release|Any CPU
		{9A4F8FA7-78ED-4A6B-B321-C2BB97922201}.Release|Any CPU.Build.0 = Release|Any CPU
	EndGlobalSection
	GlobalSection(SolutionProperties) = preSolution
		HideSolutionNode = FALSE
	EndGlobalSection
EndGlobal
